// !$*UTF8*$!
{
	archiveVersion = 1;
	classes = {
	};
	objectVersion = 50;
	objects = {

/* Begin PBXBuildFile section */
		8472F7AB22CA5A9700822DD6 /* AppDelegate.swift in Sources */ = {isa = PBXBuildFile; fileRef = 8472F7AA22CA5A9700822DD6 /* AppDelegate.swift */; };
		8472F7AD22CA5A9700822DD6 /* ViewController.swift in Sources */ = {isa = PBXBuildFile; fileRef = 8472F7AC22CA5A9700822DD6 /* ViewController.swift */; };
		8472F7B022CA5A9700822DD6 /* Main.storyboard in Resources */ = {isa = PBXBuildFile; fileRef = 8472F7AE22CA5A9700822DD6 /* Main.storyboard */; };
		8472F7B222CA5A9A00822DD6 /* Assets.xcassets in Resources */ = {isa = PBXBuildFile; fileRef = 8472F7B122CA5A9A00822DD6 /* Assets.xcassets */; };
		8472F7B522CA5A9A00822DD6 /* LaunchScreen.storyboard in Resources */ = {isa = PBXBuildFile; fileRef = 8472F7B322CA5A9A00822DD6 /* LaunchScreen.storyboard */; };
		8472F7BE22CA5C0E00822DD6 /* Recipe.swift in Sources */ = {isa = PBXBuildFile; fileRef = 8472F7BD22CA5C0E00822DD6 /* Recipe.swift */; };
		8472F7C022CA5E8300822DD6 /* DataProvider.swift in Sources */ = {isa = PBXBuildFile; fileRef = 8472F7BF22CA5E8300822DD6 /* DataProvider.swift */; };
		8472F7C322CA5EF600822DD6 /* Constants.swift in Sources */ = {isa = PBXBuildFile; fileRef = 8472F7C222CA5EF600822DD6 /* Constants.swift */; };
		8472F7C722CA61B500822DD6 /* RecipesListViewController.swift in Sources */ = {isa = PBXBuildFile; fileRef = 8472F7C522CA61B500822DD6 /* RecipesListViewController.swift */; };
		8472F7C822CA61B500822DD6 /* RecipesListViewController.xib in Resources */ = {isa = PBXBuildFile; fileRef = 8472F7C622CA61B500822DD6 /* RecipesListViewController.xib */; };
		8472F7CA22CA61FC00822DD6 /* RecipesListViewModel.swift in Sources */ = {isa = PBXBuildFile; fileRef = 8472F7C922CA61FC00822DD6 /* RecipesListViewModel.swift */; };
		8472F7CC22CA621E00822DD6 /* Coordinator.swift in Sources */ = {isa = PBXBuildFile; fileRef = 8472F7CB22CA621E00822DD6 /* Coordinator.swift */; };
		8472F7CE22CA625F00822DD6 /* AppCoordinator.swift in Sources */ = {isa = PBXBuildFile; fileRef = 8472F7CD22CA625F00822DD6 /* AppCoordinator.swift */; };
		8472F7D022CA680000822DD6 /* RecipesListCoordinator.swift in Sources */ = {isa = PBXBuildFile; fileRef = 8472F7CF22CA680000822DD6 /* RecipesListCoordinator.swift */; };
		8472F7D622CA6D7900822DD6 /* RecipeDetailsViewController.swift in Sources */ = {isa = PBXBuildFile; fileRef = 8472F7D422CA6D7900822DD6 /* RecipeDetailsViewController.swift */; };
		8472F7D722CA6D7900822DD6 /* RecipeDetailsViewController.xib in Resources */ = {isa = PBXBuildFile; fileRef = 8472F7D522CA6D7900822DD6 /* RecipeDetailsViewController.xib */; };
		8472F7DA22CB13E500822DD6 /* RecipesData.swift in Sources */ = {isa = PBXBuildFile; fileRef = 8472F7D922CB13E500822DD6 /* RecipesData.swift */; };
		8472F7E022CB2A4B00822DD6 /* RecipesListCell.swift in Sources */ = {isa = PBXBuildFile; fileRef = 8472F7DE22CB2A4B00822DD6 /* RecipesListCell.swift */; };
		8472F7E122CB2A4B00822DD6 /* RecipesListCell.xib in Resources */ = {isa = PBXBuildFile; fileRef = 8472F7DF22CB2A4B00822DD6 /* RecipesListCell.xib */; };
		8472F7E422CB301E00822DD6 /* Dynamic.swift in Sources */ = {isa = PBXBuildFile; fileRef = 8472F7E322CB301E00822DD6 /* Dynamic.swift */; };
		8472F7EA22CB44BF00822DD6 /* RecipeDetailsCoordinator.swift in Sources */ = {isa = PBXBuildFile; fileRef = 8472F7E922CB44BF00822DD6 /* RecipeDetailsCoordinator.swift */; };
		8472F7EC22CB484A00822DD6 /* RecipesListCoordinatorDelegate.swift in Sources */ = {isa = PBXBuildFile; fileRef = 8472F7EB22CB484A00822DD6 /* RecipesListCoordinatorDelegate.swift */; };
		8472F7EE22CB49BA00822DD6 /* RecipeDetailsViewModel.swift in Sources */ = {isa = PBXBuildFile; fileRef = 8472F7ED22CB49BA00822DD6 /* RecipeDetailsViewModel.swift */; };
		8472F7F022CB64A200822DD6 /* WebKit.framework in Frameworks */ = {isa = PBXBuildFile; fileRef = 8472F7EF22CB64A200822DD6 /* WebKit.framework */; };
		8472F7F222CB668500822DD6 /* String.swift in Sources */ = {isa = PBXBuildFile; fileRef = 8472F7F122CB668500822DD6 /* String.swift */; };
		CC445BA5898AAA3C0DCB2DD1 /* Pods_RecipesBook.framework in Frameworks */ = {isa = PBXBuildFile; fileRef = 6758CF00FFA8F6F50BE4822E /* Pods_RecipesBook.framework */; };
/* End PBXBuildFile section */

/* Begin PBXFileReference section */
		6758CF00FFA8F6F50BE4822E /* Pods_RecipesBook.framework */ = {isa = PBXFileReference; explicitFileType = wrapper.framework; includeInIndex = 0; path = Pods_RecipesBook.framework; sourceTree = BUILT_PRODUCTS_DIR; };
		8472F7A722CA5A9700822DD6 /* RecipesBook.app */ = {isa = PBXFileReference; explicitFileType = wrapper.application; includeInIndex = 0; path = RecipesBook.app; sourceTree = BUILT_PRODUCTS_DIR; };
		8472F7AA22CA5A9700822DD6 /* AppDelegate.swift */ = {isa = PBXFileReference; lastKnownFileType = sourcecode.swift; path = AppDelegate.swift; sourceTree = "<group>"; };
		8472F7AC22CA5A9700822DD6 /* ViewController.swift */ = {isa = PBXFileReference; lastKnownFileType = sourcecode.swift; path = ViewController.swift; sourceTree = "<group>"; };
		8472F7AF22CA5A9700822DD6 /* Base */ = {isa = PBXFileReference; lastKnownFileType = file.storyboard; name = Base; path = Base.lproj/Main.storyboard; sourceTree = "<group>"; };
		8472F7B122CA5A9A00822DD6 /* Assets.xcassets */ = {isa = PBXFileReference; lastKnownFileType = folder.assetcatalog; path = Assets.xcassets; sourceTree = "<group>"; };
		8472F7B422CA5A9A00822DD6 /* Base */ = {isa = PBXFileReference; lastKnownFileType = file.storyboard; name = Base; path = Base.lproj/LaunchScreen.storyboard; sourceTree = "<group>"; };
		8472F7B622CA5A9A00822DD6 /* Info.plist */ = {isa = PBXFileReference; lastKnownFileType = text.plist.xml; path = Info.plist; sourceTree = "<group>"; };
		8472F7BD22CA5C0E00822DD6 /* Recipe.swift */ = {isa = PBXFileReference; lastKnownFileType = sourcecode.swift; path = Recipe.swift; sourceTree = "<group>"; };
		8472F7BF22CA5E8300822DD6 /* DataProvider.swift */ = {isa = PBXFileReference; lastKnownFileType = sourcecode.swift; path = DataProvider.swift; sourceTree = "<group>"; };
		8472F7C222CA5EF600822DD6 /* Constants.swift */ = {isa = PBXFileReference; lastKnownFileType = sourcecode.swift; path = Constants.swift; sourceTree = "<group>"; };
		8472F7C522CA61B500822DD6 /* RecipesListViewController.swift */ = {isa = PBXFileReference; lastKnownFileType = sourcecode.swift; path = RecipesListViewController.swift; sourceTree = "<group>"; };
		8472F7C622CA61B500822DD6 /* RecipesListViewController.xib */ = {isa = PBXFileReference; lastKnownFileType = file.xib; path = RecipesListViewController.xib; sourceTree = "<group>"; };
		8472F7C922CA61FC00822DD6 /* RecipesListViewModel.swift */ = {isa = PBXFileReference; lastKnownFileType = sourcecode.swift; path = RecipesListViewModel.swift; sourceTree = "<group>"; };
		8472F7CB22CA621E00822DD6 /* Coordinator.swift */ = {isa = PBXFileReference; lastKnownFileType = sourcecode.swift; path = Coordinator.swift; sourceTree = "<group>"; };
		8472F7CD22CA625F00822DD6 /* AppCoordinator.swift */ = {isa = PBXFileReference; lastKnownFileType = sourcecode.swift; path = AppCoordinator.swift; sourceTree = "<group>"; };
		8472F7CF22CA680000822DD6 /* RecipesListCoordinator.swift */ = {isa = PBXFileReference; lastKnownFileType = sourcecode.swift; path = RecipesListCoordinator.swift; sourceTree = "<group>"; };
		8472F7D422CA6D7900822DD6 /* RecipeDetailsViewController.swift */ = {isa = PBXFileReference; lastKnownFileType = sourcecode.swift; path = RecipeDetailsViewController.swift; sourceTree = "<group>"; };
		8472F7D522CA6D7900822DD6 /* RecipeDetailsViewController.xib */ = {isa = PBXFileReference; lastKnownFileType = file.xib; path = RecipeDetailsViewController.xib; sourceTree = "<group>"; };
		8472F7D922CB13E500822DD6 /* RecipesData.swift */ = {isa = PBXFileReference; lastKnownFileType = sourcecode.swift; path = RecipesData.swift; sourceTree = "<group>"; };
		8472F7DE22CB2A4B00822DD6 /* RecipesListCell.swift */ = {isa = PBXFileReference; lastKnownFileType = sourcecode.swift; path = RecipesListCell.swift; sourceTree = "<group>"; };
		8472F7DF22CB2A4B00822DD6 /* RecipesListCell.xib */ = {isa = PBXFileReference; lastKnownFileType = file.xib; path = RecipesListCell.xib; sourceTree = "<group>"; };
		8472F7E322CB301E00822DD6 /* Dynamic.swift */ = {isa = PBXFileReference; lastKnownFileType = sourcecode.swift; path = Dynamic.swift; sourceTree = "<group>"; };
		8472F7E922CB44BF00822DD6 /* RecipeDetailsCoordinator.swift */ = {isa = PBXFileReference; lastKnownFileType = sourcecode.swift; path = RecipeDetailsCoordinator.swift; sourceTree = "<group>"; };
		8472F7EB22CB484A00822DD6 /* RecipesListCoordinatorDelegate.swift */ = {isa = PBXFileReference; lastKnownFileType = sourcecode.swift; path = RecipesListCoordinatorDelegate.swift; sourceTree = "<group>"; };
		8472F7ED22CB49BA00822DD6 /* RecipeDetailsViewModel.swift */ = {isa = PBXFileReference; lastKnownFileType = sourcecode.swift; path = RecipeDetailsViewModel.swift; sourceTree = "<group>"; };
		8472F7EF22CB64A200822DD6 /* WebKit.framework */ = {isa = PBXFileReference; lastKnownFileType = wrapper.framework; name = WebKit.framework; path = System/Library/Frameworks/WebKit.framework; sourceTree = SDKROOT; };
		8472F7F122CB668500822DD6 /* String.swift */ = {isa = PBXFileReference; lastKnownFileType = sourcecode.swift; path = String.swift; sourceTree = "<group>"; };
		B1E9DCBF6F7058187FF6844F /* Pods-RecipesBook.release.xcconfig */ = {isa = PBXFileReference; includeInIndex = 1; lastKnownFileType = text.xcconfig; name = "Pods-RecipesBook.release.xcconfig"; path = "Target Support Files/Pods-RecipesBook/Pods-RecipesBook.release.xcconfig"; sourceTree = "<group>"; };
		BD04B2707EE37444A312E4D2 /* Pods-RecipesBook.debug.xcconfig */ = {isa = PBXFileReference; includeInIndex = 1; lastKnownFileType = text.xcconfig; name = "Pods-RecipesBook.debug.xcconfig"; path = "Target Support Files/Pods-RecipesBook/Pods-RecipesBook.debug.xcconfig"; sourceTree = "<group>"; };
/* End PBXFileReference section */

/* Begin PBXFrameworksBuildPhase section */
		8472F7A422CA5A9700822DD6 /* Frameworks */ = {
			isa = PBXFrameworksBuildPhase;
			buildActionMask = 2147483647;
			files = (
				8472F7F022CB64A200822DD6 /* WebKit.framework in Frameworks */,
				CC445BA5898AAA3C0DCB2DD1 /* Pods_RecipesBook.framework in Frameworks */,
			);
			runOnlyForDeploymentPostprocessing = 0;
		};
/* End PBXFrameworksBuildPhase section */

/* Begin PBXGroup section */
		8472F79E22CA5A9700822DD6 = {
			isa = PBXGroup;
			children = (
				8472F7A922CA5A9700822DD6 /* RecipesBook */,
				8472F7A822CA5A9700822DD6 /* Products */,
				9340997B09D1A2FE5EC17153 /* Pods */,
				DD16A7027E10275646A3FB4B /* Frameworks */,
			);
			sourceTree = "<group>";
		};
		8472F7A822CA5A9700822DD6 /* Products */ = {
			isa = PBXGroup;
			children = (
				8472F7A722CA5A9700822DD6 /* RecipesBook.app */,
			);
			name = Products;
			sourceTree = "<group>";
		};
		8472F7A922CA5A9700822DD6 /* RecipesBook */ = {
			isa = PBXGroup;
			children = (
				8472F7DD22CB2A2100822DD6 /* Components */,
				8472F7D822CB0C4D00822DD6 /* Screens */,
				8472F7D122CA6A5E00822DD6 /* Coordinators */,
				8472F7C122CA5EE500822DD6 /* Values */,
				8472F7BC22CA5BF300822DD6 /* Model */,
				8472F7AA22CA5A9700822DD6 /* AppDelegate.swift */,
				8472F7AC22CA5A9700822DD6 /* ViewController.swift */,
				8472F7AE22CA5A9700822DD6 /* Main.storyboard */,
				8472F7B122CA5A9A00822DD6 /* Assets.xcassets */,
				8472F7B322CA5A9A00822DD6 /* LaunchScreen.storyboard */,
				8472F7B622CA5A9A00822DD6 /* Info.plist */,
			);
			path = RecipesBook;
			sourceTree = "<group>";
		};
		8472F7BC22CA5BF300822DD6 /* Model */ = {
			isa = PBXGroup;
			children = (
				8472F7E222CB300E00822DD6 /* Utils */,
				8472F7BD22CA5C0E00822DD6 /* Recipe.swift */,
				8472F7BF22CA5E8300822DD6 /* DataProvider.swift */,
				8472F7D922CB13E500822DD6 /* RecipesData.swift */,
			);
			path = Model;
			sourceTree = "<group>";
		};
		8472F7C122CA5EE500822DD6 /* Values */ = {
			isa = PBXGroup;
			children = (
				8472F7C222CA5EF600822DD6 /* Constants.swift */,
			);
			path = Values;
			sourceTree = "<group>";
		};
		8472F7C422CA618700822DD6 /* RecipesList */ = {
			isa = PBXGroup;
			children = (
				8472F7C522CA61B500822DD6 /* RecipesListViewController.swift */,
				8472F7C622CA61B500822DD6 /* RecipesListViewController.xib */,
				8472F7C922CA61FC00822DD6 /* RecipesListViewModel.swift */,
			);
			path = RecipesList;
			sourceTree = "<group>";
		};
		8472F7D122CA6A5E00822DD6 /* Coordinators */ = {
			isa = PBXGroup;
			children = (
				8472F7CB22CA621E00822DD6 /* Coordinator.swift */,
				8472F7CD22CA625F00822DD6 /* AppCoordinator.swift */,
				8472F7CF22CA680000822DD6 /* RecipesListCoordinator.swift */,
				8472F7E922CB44BF00822DD6 /* RecipeDetailsCoordinator.swift */,
				8472F7EB22CB484A00822DD6 /* RecipesListCoordinatorDelegate.swift */,
			);
			path = Coordinators;
			sourceTree = "<group>";
		};
		8472F7D322CA6D3100822DD6 /* RecipeDetails */ = {
			isa = PBXGroup;
			children = (
				8472F7D422CA6D7900822DD6 /* RecipeDetailsViewController.swift */,
				8472F7D522CA6D7900822DD6 /* RecipeDetailsViewController.xib */,
				8472F7ED22CB49BA00822DD6 /* RecipeDetailsViewModel.swift */,
			);
			path = RecipeDetails;
			sourceTree = "<group>";
		};
		8472F7D822CB0C4D00822DD6 /* Screens */ = {
			isa = PBXGroup;
			children = (
				8472F7C422CA618700822DD6 /* RecipesList */,
				8472F7D322CA6D3100822DD6 /* RecipeDetails */,
			);
			path = Screens;
			sourceTree = "<group>";
		};
		8472F7DD22CB2A2100822DD6 /* Components */ = {
			isa = PBXGroup;
			children = (
				8472F7DE22CB2A4B00822DD6 /* RecipesListCell.swift */,
				8472F7DF22CB2A4B00822DD6 /* RecipesListCell.xib */,
			);
			path = Components;
			sourceTree = "<group>";
		};
		8472F7E222CB300E00822DD6 /* Utils */ = {
			isa = PBXGroup;
			children = (
				8472F7E322CB301E00822DD6 /* Dynamic.swift */,
				8472F7F122CB668500822DD6 /* String.swift */,
			);
			path = Utils;
			sourceTree = "<group>";
		};
		9340997B09D1A2FE5EC17153 /* Pods */ = {
			isa = PBXGroup;
			children = (
				BD04B2707EE37444A312E4D2 /* Pods-RecipesBook.debug.xcconfig */,
				B1E9DCBF6F7058187FF6844F /* Pods-RecipesBook.release.xcconfig */,
			);
			path = Pods;
			sourceTree = "<group>";
		};
		DD16A7027E10275646A3FB4B /* Frameworks */ = {
			isa = PBXGroup;
			children = (
				8472F7EF22CB64A200822DD6 /* WebKit.framework */,
				6758CF00FFA8F6F50BE4822E /* Pods_RecipesBook.framework */,
			);
			name = Frameworks;
			sourceTree = "<group>";
		};
/* End PBXGroup section */

/* Begin PBXNativeTarget section */
		8472F7A622CA5A9700822DD6 /* RecipesBook */ = {
			isa = PBXNativeTarget;
			buildConfigurationList = 8472F7B922CA5A9A00822DD6 /* Build configuration list for PBXNativeTarget "RecipesBook" */;
			buildPhases = (
				BD4FB76EFC2E4131912D4AB7 /* [CP] Check Pods Manifest.lock */,
				8472F7A322CA5A9700822DD6 /* Sources */,
				8472F7A422CA5A9700822DD6 /* Frameworks */,
				8472F7A522CA5A9700822DD6 /* Resources */,
				20C3FDFB3EB586CDB307F169 /* [CP] Embed Pods Frameworks */,
			);
			buildRules = (
			);
			dependencies = (
			);
			name = RecipesBook;
			productName = RecipesBook;
			productReference = 8472F7A722CA5A9700822DD6 /* RecipesBook.app */;
			productType = "com.apple.product-type.application";
		};
/* End PBXNativeTarget section */

/* Begin PBXProject section */
		8472F79F22CA5A9700822DD6 /* Project object */ = {
			isa = PBXProject;
			attributes = {
				LastSwiftUpdateCheck = 1020;
				LastUpgradeCheck = 1020;
				ORGANIZATIONNAME = Admin;
				TargetAttributes = {
					8472F7A622CA5A9700822DD6 = {
						CreatedOnToolsVersion = 10.2.1;
					};
				};
			};
			buildConfigurationList = 8472F7A222CA5A9700822DD6 /* Build configuration list for PBXProject "RecipesBook" */;
			compatibilityVersion = "Xcode 9.3";
			developmentRegion = en;
			hasScannedForEncodings = 0;
			knownRegions = (
				en,
				Base,
			);
			mainGroup = 8472F79E22CA5A9700822DD6;
			productRefGroup = 8472F7A822CA5A9700822DD6 /* Products */;
			projectDirPath = "";
			projectRoot = "";
			targets = (
				8472F7A622CA5A9700822DD6 /* RecipesBook */,
			);
		};
/* End PBXProject section */

/* Begin PBXResourcesBuildPhase section */
		8472F7A522CA5A9700822DD6 /* Resources */ = {
			isa = PBXResourcesBuildPhase;
			buildActionMask = 2147483647;
			files = (
				8472F7C822CA61B500822DD6 /* RecipesListViewController.xib in Resources */,
				8472F7B522CA5A9A00822DD6 /* LaunchScreen.storyboard in Resources */,
				8472F7B222CA5A9A00822DD6 /* Assets.xcassets in Resources */,
				8472F7D722CA6D7900822DD6 /* RecipeDetailsViewController.xib in Resources */,
				8472F7B022CA5A9700822DD6 /* Main.storyboard in Resources */,
				8472F7E122CB2A4B00822DD6 /* RecipesListCell.xib in Resources */,
			);
			runOnlyForDeploymentPostprocessing = 0;
		};
/* End PBXResourcesBuildPhase section */

/* Begin PBXShellScriptBuildPhase section */
		20C3FDFB3EB586CDB307F169 /* [CP] Embed Pods Frameworks */ = {
			isa = PBXShellScriptBuildPhase;
			buildActionMask = 2147483647;
			files = (
			);
			inputFileListPaths = (
			);
			inputPaths = (
				"${PODS_ROOT}/Target Support Files/Pods-RecipesBook/Pods-RecipesBook-frameworks.sh",
				"${BUILT_PRODUCTS_DIR}/Alamofire/Alamofire.framework",
				"${BUILT_PRODUCTS_DIR}/Auk/Auk.framework",
				"${BUILT_PRODUCTS_DIR}/Kingfisher/Kingfisher.framework",
				"${BUILT_PRODUCTS_DIR}/moa/moa.framework",
			);
			name = "[CP] Embed Pods Frameworks";
			outputFileListPaths = (
			);
			outputPaths = (
				"${TARGET_BUILD_DIR}/${FRAMEWORKS_FOLDER_PATH}/Alamofire.framework",
				"${TARGET_BUILD_DIR}/${FRAMEWORKS_FOLDER_PATH}/Auk.framework",
				"${TARGET_BUILD_DIR}/${FRAMEWORKS_FOLDER_PATH}/Kingfisher.framework",
				"${TARGET_BUILD_DIR}/${FRAMEWORKS_FOLDER_PATH}/moa.framework",
			);
			runOnlyForDeploymentPostprocessing = 0;
			shellPath = /bin/sh;
			shellScript = "\"${PODS_ROOT}/Target Support Files/Pods-RecipesBook/Pods-RecipesBook-frameworks.sh\"\n";
			showEnvVarsInLog = 0;
		};
		BD4FB76EFC2E4131912D4AB7 /* [CP] Check Pods Manifest.lock */ = {
			isa = PBXShellScriptBuildPhase;
			buildActionMask = 2147483647;
			files = (
			);
			inputFileListPaths = (
			);
			inputPaths = (
				"${PODS_PODFILE_DIR_PATH}/Podfile.lock",
				"${PODS_ROOT}/Manifest.lock",
			);
			name = "[CP] Check Pods Manifest.lock";
			outputFileListPaths = (
			);
			outputPaths = (
				"$(DERIVED_FILE_DIR)/Pods-RecipesBook-checkManifestLockResult.txt",
			);
			runOnlyForDeploymentPostprocessing = 0;
			shellPath = /bin/sh;
			shellScript = "diff \"${PODS_PODFILE_DIR_PATH}/Podfile.lock\" \"${PODS_ROOT}/Manifest.lock\" > /dev/null\nif [ $? != 0 ] ; then\n    # print error to STDERR\n    echo \"error: The sandbox is not in sync with the Podfile.lock. Run 'pod install' or update your CocoaPods installation.\" >&2\n    exit 1\nfi\n# This output is used by Xcode 'outputs' to avoid re-running this script phase.\necho \"SUCCESS\" > \"${SCRIPT_OUTPUT_FILE_0}\"\n";
			showEnvVarsInLog = 0;
		};
/* End PBXShellScriptBuildPhase section */

/* Begin PBXSourcesBuildPhase section */
		8472F7A322CA5A9700822DD6 /* Sources */ = {
			isa = PBXSourcesBuildPhase;
			buildActionMask = 2147483647;
			files = (
				8472F7EE22CB49BA00822DD6 /* RecipeDetailsViewModel.swift in Sources */,
				8472F7EA22CB44BF00822DD6 /* RecipeDetailsCoordinator.swift in Sources */,
				8472F7CC22CA621E00822DD6 /* Coordinator.swift in Sources */,
				8472F7EC22CB484A00822DD6 /* RecipesListCoordinatorDelegate.swift in Sources */,
				8472F7DA22CB13E500822DD6 /* RecipesData.swift in Sources */,
				8472F7E022CB2A4B00822DD6 /* RecipesListCell.swift in Sources */,
				8472F7E422CB301E00822DD6 /* Dynamic.swift in Sources */,
				8472F7C322CA5EF600822DD6 /* Constants.swift in Sources */,
				8472F7BE22CA5C0E00822DD6 /* Recipe.swift in Sources */,
				8472F7C722CA61B500822DD6 /* RecipesListViewController.swift in Sources */,
				8472F7D022CA680000822DD6 /* RecipesListCoordinator.swift in Sources */,
				8472F7CA22CA61FC00822DD6 /* RecipesListViewModel.swift in Sources */,
				8472F7F222CB668500822DD6 /* String.swift in Sources */,
				8472F7AD22CA5A9700822DD6 /* ViewController.swift in Sources */,
				8472F7CE22CA625F00822DD6 /* AppCoordinator.swift in Sources */,
				8472F7C022CA5E8300822DD6 /* DataProvider.swift in Sources */,
				8472F7D622CA6D7900822DD6 /* RecipeDetailsViewController.swift in Sources */,
				8472F7AB22CA5A9700822DD6 /* AppDelegate.swift in Sources */,
			);
			runOnlyForDeploymentPostprocessing = 0;
		};
/* End PBXSourcesBuildPhase section */

/* Begin PBXVariantGroup section */
		8472F7AE22CA5A9700822DD6 /* Main.storyboard */ = {
			isa = PBXVariantGroup;
			children = (
				8472F7AF22CA5A9700822DD6 /* Base */,
			);
			name = Main.storyboard;
			sourceTree = "<group>";
		};
		8472F7B322CA5A9A00822DD6 /* LaunchScreen.storyboard */ = {
			isa = PBXVariantGroup;
			children = (
				8472F7B422CA5A9A00822DD6 /* Base */,
			);
			name = LaunchScreen.storyboard;
			sourceTree = "<group>";
		};
/* End PBXVariantGroup section */

/* Begin XCBuildConfiguration section */
		8472F7B722CA5A9A00822DD6 /* Debug */ = {
			isa = XCBuildConfiguration;
			buildSettings = {
				ALWAYS_SEARCH_USER_PATHS = NO;
				CLANG_ANALYZER_NONNULL = YES;
				CLANG_ANALYZER_NUMBER_OBJECT_CONVERSION = YES_AGGRESSIVE;
				CLANG_CXX_LANGUAGE_STANDARD = "gnu++14";
				CLANG_CXX_LIBRARY = "libc++";
				CLANG_ENABLE_MODULES = YES;
				CLANG_ENABLE_OBJC_ARC = YES;
				CLANG_ENABLE_OBJC_WEAK = YES;
				CLANG_WARN_BLOCK_CAPTURE_AUTORELEASING = YES;
				CLANG_WARN_BOOL_CONVERSION = YES;
				CLANG_WARN_COMMA = YES;
				CLANG_WARN_CONSTANT_CONVERSION = YES;
				CLANG_WARN_DEPRECATED_OBJC_IMPLEMENTATIONS = YES;
				CLANG_WARN_DIRECT_OBJC_ISA_USAGE = YES_ERROR;
				CLANG_WARN_DOCUMENTATION_COMMENTS = YES;
				CLANG_WARN_EMPTY_BODY = YES;
				CLANG_WARN_ENUM_CONVERSION = YES;
				CLANG_WARN_INFINITE_RECURSION = YES;
				CLANG_WARN_INT_CONVERSION = YES;
				CLANG_WARN_NON_LITERAL_NULL_CONVERSION = YES;
				CLANG_WARN_OBJC_IMPLICIT_RETAIN_SELF = YES;
				CLANG_WARN_OBJC_LITERAL_CONVERSION = YES;
				CLANG_WARN_OBJC_ROOT_CLASS = YES_ERROR;
				CLANG_WARN_RANGE_LOOP_ANALYSIS = YES;
				CLANG_WARN_STRICT_PROTOTYPES = YES;
				CLANG_WARN_SUSPICIOUS_MOVE = YES;
				CLANG_WARN_UNGUARDED_AVAILABILITY = YES_AGGRESSIVE;
				CLANG_WARN_UNREACHABLE_CODE = YES;
				CLANG_WARN__DUPLICATE_METHOD_MATCH = YES;
				CODE_SIGN_IDENTITY = "iPhone Developer";
				COPY_PHASE_STRIP = NO;
				DEBUG_INFORMATION_FORMAT = dwarf;
				ENABLE_STRICT_OBJC_MSGSEND = YES;
				ENABLE_TESTABILITY = YES;
				GCC_C_LANGUAGE_STANDARD = gnu11;
				GCC_DYNAMIC_NO_PIC = NO;
				GCC_NO_COMMON_BLOCKS = YES;
				GCC_OPTIMIZATION_LEVEL = 0;
				GCC_PREPROCESSOR_DEFINITIONS = (
					"DEBUG=1",
					"$(inherited)",
				);
				GCC_WARN_64_TO_32_BIT_CONVERSION = YES;
				GCC_WARN_ABOUT_RETURN_TYPE = YES_ERROR;
				GCC_WARN_UNDECLARED_SELECTOR = YES;
				GCC_WARN_UNINITIALIZED_AUTOS = YES_AGGRESSIVE;
				GCC_WARN_UNUSED_FUNCTION = YES;
				GCC_WARN_UNUSED_VARIABLE = YES;
				IPHONEOS_DEPLOYMENT_TARGET = 12.2;
				MTL_ENABLE_DEBUG_INFO = INCLUDE_SOURCE;
				MTL_FAST_MATH = YES;
				ONLY_ACTIVE_ARCH = YES;
				SDKROOT = iphoneos;
				SWIFT_ACTIVE_COMPILATION_CONDITIONS = DEBUG;
				SWIFT_OPTIMIZATION_LEVEL = "-Onone";
			};
			name = Debug;
		};
		8472F7B822CA5A9A00822DD6 /* Release */ = {
			isa = XCBuildConfiguration;
			buildSettings = {
				ALWAYS_SEARCH_USER_PATHS = NO;
				CLANG_ANALYZER_NONNULL = YES;
				CLANG_ANALYZER_NUMBER_OBJECT_CONVERSION = YES_AGGRESSIVE;
				CLANG_CXX_LANGUAGE_STANDARD = "gnu++14";
				CLANG_CXX_LIBRARY = "libc++";
				CLANG_ENABLE_MODULES = YES;
				CLANG_ENABLE_OBJC_ARC = YES;
				CLANG_ENABLE_OBJC_WEAK = YES;
				CLANG_WARN_BLOCK_CAPTURE_AUTORELEASING = YES;
				CLANG_WARN_BOOL_CONVERSION = YES;
				CLANG_WARN_COMMA = YES;
				CLANG_WARN_CONSTANT_CONVERSION = YES;
				CLANG_WARN_DEPRECATED_OBJC_IMPLEMENTATIONS = YES;
				CLANG_WARN_DIRECT_OBJC_ISA_USAGE = YES_ERROR;
				CLANG_WARN_DOCUMENTATION_COMMENTS = YES;
				CLANG_WARN_EMPTY_BODY = YES;
				CLANG_WARN_ENUM_CONVERSION = YES;
				CLANG_WARN_INFINITE_RECURSION = YES;
				CLANG_WARN_INT_CONVERSION = YES;
				CLANG_WARN_NON_LITERAL_NULL_CONVERSION = YES;
				CLANG_WARN_OBJC_IMPLICIT_RETAIN_SELF = YES;
				CLANG_WARN_OBJC_LITERAL_CONVERSION = YES;
				CLANG_WARN_OBJC_ROOT_CLASS = YES_ERROR;
				CLANG_WARN_RANGE_LOOP_ANALYSIS = YES;
				CLANG_WARN_STRICT_PROTOTYPES = YES;
				CLANG_WARN_SUSPICIOUS_MOVE = YES;
				CLANG_WARN_UNGUARDED_AVAILABILITY = YES_AGGRESSIVE;
				CLANG_WARN_UNREACHABLE_CODE = YES;
				CLANG_WARN__DUPLICATE_METHOD_MATCH = YES;
				CODE_SIGN_IDENTITY = "iPhone Developer";
				COPY_PHASE_STRIP = NO;
				DEBUG_INFORMATION_FORMAT = "dwarf-with-dsym";
				ENABLE_NS_ASSERTIONS = NO;
				ENABLE_STRICT_OBJC_MSGSEND = YES;
				GCC_C_LANGUAGE_STANDARD = gnu11;
				GCC_NO_COMMON_BLOCKS = YES;
				GCC_WARN_64_TO_32_BIT_CONVERSION = YES;
				GCC_WARN_ABOUT_RETURN_TYPE = YES_ERROR;
				GCC_WARN_UNDECLARED_SELECTOR = YES;
				GCC_WARN_UNINITIALIZED_AUTOS = YES_AGGRESSIVE;
				GCC_WARN_UNUSED_FUNCTION = YES;
				GCC_WARN_UNUSED_VARIABLE = YES;
				IPHONEOS_DEPLOYMENT_TARGET = 12.2;
				MTL_ENABLE_DEBUG_INFO = NO;
				MTL_FAST_MATH = YES;
				SDKROOT = iphoneos;
				SWIFT_COMPILATION_MODE = wholemodule;
				SWIFT_OPTIMIZATION_LEVEL = "-O";
				VALIDATE_PRODUCT = YES;
			};
			name = Release;
		};
		8472F7BA22CA5A9A00822DD6 /* Debug */ = {
			isa = XCBuildConfiguration;
			baseConfigurationReference = BD04B2707EE37444A312E4D2 /* Pods-RecipesBook.debug.xcconfig */;
			buildSettings = {
				ASSETCATALOG_COMPILER_APPICON_NAME = AppIcon;
				CODE_SIGN_STYLE = Automatic;
				INFOPLIST_FILE = RecipesBook/Info.plist;
				LD_RUNPATH_SEARCH_PATHS = (
					"$(inherited)",
					"@executable_path/Frameworks",
				);
				PRODUCT_BUNDLE_IDENTIFIER = denrah.RecipesBook;
				PRODUCT_NAME = "$(TARGET_NAME)";
				SWIFT_VERSION = 5.0;
				TARGETED_DEVICE_FAMILY = "1,2";
			};
			name = Debug;
		};
		8472F7BB22CA5A9A00822DD6 /* Release */ = {
			isa = XCBuildConfiguration;
			baseConfigurationReference = B1E9DCBF6F7058187FF6844F /* Pods-RecipesBook.release.xcconfig */;
			buildSettings = {
				ASSETCATALOG_COMPILER_APPICON_NAME = AppIcon;
				CODE_SIGN_STYLE = Automatic;
				INFOPLIST_FILE = RecipesBook/Info.plist;
				LD_RUNPATH_SEARCH_PATHS = (
					"$(inherited)",
					"@executable_path/Frameworks",
				);
				PRODUCT_BUNDLE_IDENTIFIER = denrah.RecipesBook;
				PRODUCT_NAME = "$(TARGET_NAME)";
				SWIFT_VERSION = 5.0;
				TARGETED_DEVICE_FAMILY = "1,2";
			};
			name = Release;
		};
/* End XCBuildConfiguration section */

/* Begin XCConfigurationList section */
		8472F7A222CA5A9700822DD6 /* Build configuration list for PBXProject "RecipesBook" */ = {
			isa = XCConfigurationList;
			buildConfigurations = (
				8472F7B722CA5A9A00822DD6 /* Debug */,
				8472F7B822CA5A9A00822DD6 /* Release */,
			);
			defaultConfigurationIsVisible = 0;
			defaultConfigurationName = Release;
		};
		8472F7B922CA5A9A00822DD6 /* Build configuration list for PBXNativeTarget "RecipesBook" */ = {
			isa = XCConfigurationList;
			buildConfigurations = (
				8472F7BA22CA5A9A00822DD6 /* Debug */,
				8472F7BB22CA5A9A00822DD6 /* Release */,
			);
			defaultConfigurationIsVisible = 0;
			defaultConfigurationName = Release;
		};
/* End XCConfigurationList section */
	};
	rootObject = 8472F79F22CA5A9700822DD6 /* Project object */;
}
